<?xml version="1.0" encoding="utf-8"?>
<Project ToolsVersion="4.0" xmlns="http://schemas.microsoft.com/developer/msbuild/2003">
  <ItemGroup>
    <Filter Include="Source Files">
      <UniqueIdentifier>{4FC737F1-C7A5-4376-A066-2A32D752A2FF}</UniqueIdentifier>
      <Extensions>cpp;c;cc;cxx;def;odl;idl;hpj;bat;asm;asmx</Extensions>
    </Filter>
    <Filter Include="Header Files">
      <UniqueIdentifier>{93995380-89BD-4b04-88EB-625FBE52EBFB}</UniqueIdentifier>
      <Extensions>h;hpp;hxx;hm;inl;inc;xsd</Extensions>
    </Filter>
    <Filter Include="Resource Files">
      <UniqueIdentifier>{67DA6AB6-F800-4c08-8B7A-83BB121AAD01}</UniqueIdentifier>
      <Extensions>rc;ico;cur;bmp;dlg;rc2;rct;bin;rgs;gif;jpg;jpeg;jpe;resx;tiff;tif;png;wav;mfcribbon-ms</Extensions>
    </Filter>
  </ItemGroup>
  <ItemGroup>
    <ClInclude Include="Align.h">
      <Filter>Header Files</Filter>
    </ClInclude>
    <ClInclude Include="ARAPDeform.h">
      <Filter>Header Files</Filter>
    </ClInclude>
    <ClInclude Include="FeatureVector.h">
      <Filter>Header Files</Filter>
    </ClInclude>
    <ClInclude Include="LQSolver.h">
      <Filter>Header Files</Filter>
    </ClInclude>
    <ClInclude Include="MatFeatureVector.h">
      <Filter>Header Files</Filter>
    </ClInclude>
    <ClInclude Include="INIHelper.h">
      <Filter>Header Files</Filter>
    </ClInclude>
    <ClInclude Include="DeformCaller.h">
      <Filter>Header Files</Filter>
    </ClInclude>
    <ClInclude Include="DeformInfo.h">
      <Filter>Header Files</Filter>
    </ClInclude>
    <ClInclude Include="FVAnalysis.h">
      <Filter>Header Files</Filter>
    </ClInclude>
    <ClInclude Include="coutcolorarap.h">
      <Filter>Header Files</Filter>
    </ClInclude>
    <ClInclude Include="tools.h">
      <Filter>Header Files</Filter>
    </ClInclude>
    <ClInclude Include="graph.h">
      <Filter>Header Files</Filter>
    </ClInclude>
    <ClInclude Include="Heap.h">
      <Filter>Header Files</Filter>
    </ClInclude>
    <ClInclude Include="FeatureTool.h">
      <Filter>Header Files</Filter>
    </ClInclude>
    <ClInclude Include="iniparser\dictionary.h">
      <Filter>Header Files</Filter>
    </ClInclude>
    <ClInclude Include="iniparser\iniparser.h">
      <Filter>Header Files</Filter>
    </ClInclude>
  </ItemGroup>
  <ItemGroup>
    <ClCompile Include="Align.cpp">
      <Filter>Source Files</Filter>
    </ClCompile>
    <ClCompile Include="ARAPDeform.cpp">
      <Filter>Source Files</Filter>
    </ClCompile>
    <ClCompile Include="FeatureVector.cpp">
      <Filter>Source Files</Filter>
    </ClCompile>
    <ClCompile Include="LQSolver.cpp">
      <Filter>Source Files</Filter>
    </ClCompile>
    <ClCompile Include="main1.cpp">
      <Filter>Source Files</Filter>
    </ClCompile>
    <ClCompile Include="MatFeatureVector.cpp">
      <Filter>Source Files</Filter>
    </ClCompile>
    <ClCompile Include="INIHelper.cpp">
      <Filter>Source Files</Filter>
    </ClCompile>
    <ClCompile Include="SR_ARAP.cpp">
      <Filter>Source Files</Filter>
    </ClCompile>
    <ClCompile Include="DeformCaller.cpp">
      <Filter>Source Files</Filter>
    </ClCompile>
    <ClCompile Include="DeformInfo.cpp">
      <Filter>Source Files</Filter>
    </ClCompile>
    <ClCompile Include="FVAnalysis.cpp">
      <Filter>Source Files</Filter>
    </ClCompile>
    <ClCompile Include="tools.cpp">
      <Filter>Source Files</Filter>
    </ClCompile>
    <ClCompile Include="graph.cpp">
      <Filter>Source Files</Filter>
    </ClCompile>
    <ClCompile Include="FeatureTool.cpp">
      <Filter>Source Files</Filter>
    </ClCompile>
    <ClCompile Include="iniparser\dictionary.cpp">
      <Filter>Source Files</Filter>
    </ClCompile>
    <ClCompile Include="iniparser\iniparser.cpp">
      <Filter>Source Files</Filter>
    </ClCompile>
  </ItemGroup>
</Project>