
Microsoft Visual Studio Solution File, Format Version 12.00
# Visual Studio 15
VisualStudioVersion = 15.0.27703.2035
MinimumVisualStudioVersion = 10.0.40219.1
Project("{8BC9CEB8-8B4A-11D0-8D11-00A0C91BC942}") = "ARAP", "ARAP.vcxproj", "{1ACD64F6-92DE-4230-BD1A-09BF2B2251AD}"
EndProject
Global
	GlobalSection(SolutionConfigurationPlatforms) = preSolution
		Debug|x64 = Debug|x64
		Debug|x86 = Debug|x86
		Release|x64 = Release|x64
		Release|x86 = Release|x86
	EndGlobalSection
	GlobalSection(ProjectConfigurationPlatforms) = postSolution
		{1ACD64F6-92DE-4230-BD1A-09BF2B2251AD}.Debug|x64.ActiveCfg = Debug|x64
		{1ACD64F6-92DE-4230-BD1A-09BF2B2251AD}.Debug|x64.Build.0 = Debug|x64
		{1ACD64F6-92DE-4230-BD1A-09BF2B2251AD}.Debug|x86.ActiveCfg = Debug|Win32
		{1ACD64F6-92DE-4230-BD1A-09BF2B2251AD}.Debug|x86.Build.0 = Debug|Win32
		{1ACD64F6-92DE-4230-BD1A-09BF2B2251AD}.Release|x64.ActiveCfg = Release|x64
		{1ACD64F6-92DE-4230-BD1A-09BF2B2251AD}.Release|x64.Build.0 = Release|x64
		{1ACD64F6-92DE-4230-BD1A-09BF2B2251AD}.Release|x86.ActiveCfg = Release|Win32
		{1ACD64F6-92DE-4230-BD1A-09BF2B2251AD}.Release|x86.Build.0 = Release|Win32
	EndGlobalSection
	GlobalSection(SolutionProperties) = preSolution
		HideSolutionNode = FALSE
	EndGlobalSection
	GlobalSection(ExtensibilityGlobals) = postSolution
		SolutionGuid = {5B3732FD-3DB6-4E49-8AE7-F3FFBEFB561C}
	EndGlobalSection
EndGlobal
